
Microsoft Visual Studio Solution File, Format Version 12.00
# Visual Studio 15
VisualStudioVersion = 15.0.26124.0
MinimumVisualStudioVersion = 15.0.26124.0
Project("{FAE04EC0-301F-11D3-BF4B-00C04F79EFBC}") = "App", "App\App.csproj", "{806AA85A-8969-4D4C-99D0-6F2C9A9B8A54}"
EndProject
Project("{FAE04EC0-301F-11D3-BF4B-00C04F79EFBC}") = "UnitTest", "UnitTest\UnitTest.csproj", "{FFFAAB50-CFFD-47AB-B7F2-EF21930B024C}"
EndProject
Global
	GlobalSection(SolutionConfigurationPlatforms) = preSolution
		Debug|Any CPU = Debug|Any CPU
		Debug|x64 = Debug|x64
		Debug|x86 = Debug|x86
		Release|Any CPU = Release|Any CPU
		Release|x64 = Release|x64
		Release|x86 = Release|x86
	EndGlobalSection
	GlobalSection(SolutionProperties) = preSolution
		HideSolutionNode = FALSE
	EndGlobalSection
	GlobalSection(ProjectConfigurationPlatforms) = postSolution
		{806AA85A-8969-4D4C-99D0-6F2C9A9B8A54}.Debug|Any CPU.ActiveCfg = Debug|Any CPU
		{806AA85A-8969-4D4C-99D0-6F2C9A9B8A54}.Debug|Any CPU.Build.0 = Debug|Any CPU
		{806AA85A-8969-4D4C-99D0-6F2C9A9B8A54}.Debug|x64.ActiveCfg = Debug|Any CPU
		{806AA85A-8969-4D4C-99D0-6F2C9A9B8A54}.Debug|x64.Build.0 = Debug|Any CPU
		{806AA85A-8969-4D4C-99D0-6F2C9A9B8A54}.Debug|x86.ActiveCfg = Debug|Any CPU
		{806AA85A-8969-4D4C-99D0-6F2C9A9B8A54}.Debug|x86.Build.0 = Debug|Any CPU
		{806AA85A-8969-4D4C-99D0-6F2C9A9B8A54}.Release|Any CPU.ActiveCfg = Release|Any CPU
		{806AA85A-8969-4D4C-99D0-6F2C9A9B8A54}.Release|Any CPU.Build.0 = Release|Any CPU
		{806AA85A-8969-4D4C-99D0-6F2C9A9B8A54}.Release|x64.ActiveCfg = Release|Any CPU
		{806AA85A-8969-4D4C-99D0-6F2C9A9B8A54}.Release|x64.Build.0 = Release|Any CPU
		{806AA85A-8969-4D4C-99D0-6F2C9A9B8A54}.Release|x86.ActiveCfg = Release|Any CPU
		{806AA85A-8969-4D4C-99D0-6F2C9A9B8A54}.Release|x86.Build.0 = Release|Any CPU
		{FFFAAB50-CFFD-47AB-B7F2-EF21930B024C}.Debug|Any CPU.ActiveCfg = Debug|Any CPU
		{FFFAAB50-CFFD-47AB-B7F2-EF21930B024C}.Debug|Any CPU.Build.0 = Debug|Any CPU
		{FFFAAB50-CFFD-47AB-B7F2-EF21930B024C}.Debug|x64.ActiveCfg = Debug|Any CPU
		{FFFAAB50-CFFD-47AB-B7F2-EF21930B024C}.Debug|x64.Build.0 = Debug|Any CPU
		{FFFAAB50-CFFD-47AB-B7F2-EF21930B024C}.Debug|x86.ActiveCfg = Debug|Any CPU
		{FFFAAB50-CFFD-47AB-B7F2-EF21930B024C}.Debug|x86.Build.0 = Debug|Any CPU
		{FFFAAB50-CFFD-47AB-B7F2-EF21930B024C}.Release|Any CPU.ActiveCfg = Release|Any CPU
		{FFFAAB50-CFFD-47AB-B7F2-EF21930B024C}.Release|Any CPU.Build.0 = Release|Any CPU
		{FFFAAB50-CFFD-47AB-B7F2-EF21930B024C}.Release|x64.ActiveCfg = Release|Any CPU
		{FFFAAB50-CFFD-47AB-B7F2-EF21930B024C}.Release|x64.Build.0 = Release|Any CPU
		{FFFAAB50-CFFD-47AB-B7F2-EF21930B024C}.Release|x86.ActiveCfg = Release|Any CPU
		{FFFAAB50-CFFD-47AB-B7F2-EF21930B024C}.Release|x86.Build.0 = Release|Any CPU
	EndGlobalSection
EndGlobal
