
Microsoft Visual Studio Solution File, Format Version 12.00
# Visual Studio Version 17
VisualStudioVersion = 17.6.33723.286
MinimumVisualStudioVersion = 15.0.26124.0
Project("{9A19103F-16F7-4668-BE54-9A1E7A4F7556}") = "App", "App\App.csproj", "{806AA85A-8969-4D4C-99D0-6F2C9A9B8A54}"
EndProject
Project("{9A19103F-16F7-4668-BE54-9A1E7A4F7556}") = "UnitTest", "UnitTest\UnitTest.csproj", "{FFFAAB50-CFFD-47AB-B7F2-EF21930B024C}"
EndProject
Project("{9A19103F-16F7-4668-BE54-9A1E7A4F7556}") = "BillyCDK.App", "BillyCDK.App\BillyCDK.App.csproj", "{5C42AD2C-F466-448C-AD6A-4B85FFD59C2A}"
EndProject
Project("{9A19103F-16F7-4668-BE54-9A1E7A4F7556}") = "BillyCDK.Test", "BillyCDK.Test\BillyCDK.Test.csproj", "{43C13494-94A0-4B7B-9188-3ADC109BA6CF}"
EndProject
Project("{FAE04EC0-301F-11D3-BF4B-00C04F79EFBC}") = "BillyCDK.DataAccess", "BillyCDK.DataAccess\BillyCDK.DataAccess.csproj", "{E0905779-DC7D-40A2-8F10-C20C30DA8EE8}"
EndProject
Project("{2150E333-8FDC-42A3-9474-1A3956D46DE8}") = "Solution Items", "Solution Items", "{03DC8160-7AFC-4B12-96EA-FF59AB7EC95A}"
	ProjectSection(SolutionItems) = preProject
		.editorconfig = .editorconfig
	EndProjectSection
EndProject
Global
	GlobalSection(SolutionConfigurationPlatforms) = preSolution
		Debug|Any CPU = Debug|Any CPU
		Debug|x64 = Debug|x64
		Debug|x86 = Debug|x86
		Release|Any CPU = Release|Any CPU
		Release|x64 = Release|x64
		Release|x86 = Release|x86
	EndGlobalSection
	GlobalSection(ProjectConfigurationPlatforms) = postSolution
		{806AA85A-8969-4D4C-99D0-6F2C9A9B8A54}.Debug|Any CPU.ActiveCfg = Debug|Any CPU
		{806AA85A-8969-4D4C-99D0-6F2C9A9B8A54}.Debug|Any CPU.Build.0 = Debug|Any CPU
		{806AA85A-8969-4D4C-99D0-6F2C9A9B8A54}.Debug|x64.ActiveCfg = Debug|Any CPU
		{806AA85A-8969-4D4C-99D0-6F2C9A9B8A54}.Debug|x64.Build.0 = Debug|Any CPU
		{806AA85A-8969-4D4C-99D0-6F2C9A9B8A54}.Debug|x86.ActiveCfg = Debug|Any CPU
		{806AA85A-8969-4D4C-99D0-6F2C9A9B8A54}.Debug|x86.Build.0 = Debug|Any CPU
		{806AA85A-8969-4D4C-99D0-6F2C9A9B8A54}.Release|Any CPU.ActiveCfg = Release|Any CPU
		{806AA85A-8969-4D4C-99D0-6F2C9A9B8A54}.Release|Any CPU.Build.0 = Release|Any CPU
		{806AA85A-8969-4D4C-99D0-6F2C9A9B8A54}.Release|x64.ActiveCfg = Release|Any CPU
		{806AA85A-8969-4D4C-99D0-6F2C9A9B8A54}.Release|x64.Build.0 = Release|Any CPU
		{806AA85A-8969-4D4C-99D0-6F2C9A9B8A54}.Release|x86.ActiveCfg = Release|Any CPU
		{806AA85A-8969-4D4C-99D0-6F2C9A9B8A54}.Release|x86.Build.0 = Release|Any CPU
		{FFFAAB50-CFFD-47AB-B7F2-EF21930B024C}.Debug|Any CPU.ActiveCfg = Debug|Any CPU
		{FFFAAB50-CFFD-47AB-B7F2-EF21930B024C}.Debug|Any CPU.Build.0 = Debug|Any CPU
		{FFFAAB50-CFFD-47AB-B7F2-EF21930B024C}.Debug|x64.ActiveCfg = Debug|Any CPU
		{FFFAAB50-CFFD-47AB-B7F2-EF21930B024C}.Debug|x64.Build.0 = Debug|Any CPU
		{FFFAAB50-CFFD-47AB-B7F2-EF21930B024C}.Debug|x86.ActiveCfg = Debug|Any CPU
		{FFFAAB50-CFFD-47AB-B7F2-EF21930B024C}.Debug|x86.Build.0 = Debug|Any CPU
		{FFFAAB50-CFFD-47AB-B7F2-EF21930B024C}.Release|Any CPU.ActiveCfg = Release|Any CPU
		{FFFAAB50-CFFD-47AB-B7F2-EF21930B024C}.Release|Any CPU.Build.0 = Release|Any CPU
		{FFFAAB50-CFFD-47AB-B7F2-EF21930B024C}.Release|x64.ActiveCfg = Release|Any CPU
		{FFFAAB50-CFFD-47AB-B7F2-EF21930B024C}.Release|x64.Build.0 = Release|Any CPU
		{FFFAAB50-CFFD-47AB-B7F2-EF21930B024C}.Release|x86.ActiveCfg = Release|Any CPU
		{FFFAAB50-CFFD-47AB-B7F2-EF21930B024C}.Release|x86.Build.0 = Release|Any CPU
		{5C42AD2C-F466-448C-AD6A-4B85FFD59C2A}.Debug|Any CPU.ActiveCfg = Debug|Any CPU
		{5C42AD2C-F466-448C-AD6A-4B85FFD59C2A}.Debug|Any CPU.Build.0 = Debug|Any CPU
		{5C42AD2C-F466-448C-AD6A-4B85FFD59C2A}.Debug|x64.ActiveCfg = Debug|Any CPU
		{5C42AD2C-F466-448C-AD6A-4B85FFD59C2A}.Debug|x64.Build.0 = Debug|Any CPU
		{5C42AD2C-F466-448C-AD6A-4B85FFD59C2A}.Debug|x86.ActiveCfg = Debug|Any CPU
		{5C42AD2C-F466-448C-AD6A-4B85FFD59C2A}.Debug|x86.Build.0 = Debug|Any CPU
		{5C42AD2C-F466-448C-AD6A-4B85FFD59C2A}.Release|Any CPU.ActiveCfg = Release|Any CPU
		{5C42AD2C-F466-448C-AD6A-4B85FFD59C2A}.Release|Any CPU.Build.0 = Release|Any CPU
		{5C42AD2C-F466-448C-AD6A-4B85FFD59C2A}.Release|x64.ActiveCfg = Release|Any CPU
		{5C42AD2C-F466-448C-AD6A-4B85FFD59C2A}.Release|x64.Build.0 = Release|Any CPU
		{5C42AD2C-F466-448C-AD6A-4B85FFD59C2A}.Release|x86.ActiveCfg = Release|Any CPU
		{5C42AD2C-F466-448C-AD6A-4B85FFD59C2A}.Release|x86.Build.0 = Release|Any CPU
		{43C13494-94A0-4B7B-9188-3ADC109BA6CF}.Debug|Any CPU.ActiveCfg = Debug|Any CPU
		{43C13494-94A0-4B7B-9188-3ADC109BA6CF}.Debug|Any CPU.Build.0 = Debug|Any CPU
		{43C13494-94A0-4B7B-9188-3ADC109BA6CF}.Debug|x64.ActiveCfg = Debug|Any CPU
		{43C13494-94A0-4B7B-9188-3ADC109BA6CF}.Debug|x64.Build.0 = Debug|Any CPU
		{43C13494-94A0-4B7B-9188-3ADC109BA6CF}.Debug|x86.ActiveCfg = Debug|Any CPU
		{43C13494-94A0-4B7B-9188-3ADC109BA6CF}.Debug|x86.Build.0 = Debug|Any CPU
		{43C13494-94A0-4B7B-9188-3ADC109BA6CF}.Release|Any CPU.ActiveCfg = Release|Any CPU
		{43C13494-94A0-4B7B-9188-3ADC109BA6CF}.Release|Any CPU.Build.0 = Release|Any CPU
		{43C13494-94A0-4B7B-9188-3ADC109BA6CF}.Release|x64.ActiveCfg = Release|Any CPU
		{43C13494-94A0-4B7B-9188-3ADC109BA6CF}.Release|x64.Build.0 = Release|Any CPU
		{43C13494-94A0-4B7B-9188-3ADC109BA6CF}.Release|x86.ActiveCfg = Release|Any CPU
		{43C13494-94A0-4B7B-9188-3ADC109BA6CF}.Release|x86.Build.0 = Release|Any CPU
		{E0905779-DC7D-40A2-8F10-C20C30DA8EE8}.Debug|Any CPU.ActiveCfg = Debug|Any CPU
		{E0905779-DC7D-40A2-8F10-C20C30DA8EE8}.Debug|Any CPU.Build.0 = Debug|Any CPU
		{E0905779-DC7D-40A2-8F10-C20C30DA8EE8}.Debug|x64.ActiveCfg = Debug|Any CPU
		{E0905779-DC7D-40A2-8F10-C20C30DA8EE8}.Debug|x64.Build.0 = Debug|Any CPU
		{E0905779-DC7D-40A2-8F10-C20C30DA8EE8}.Debug|x86.ActiveCfg = Debug|Any CPU
		{E0905779-DC7D-40A2-8F10-C20C30DA8EE8}.Debug|x86.Build.0 = Debug|Any CPU
		{E0905779-DC7D-40A2-8F10-C20C30DA8EE8}.Release|Any CPU.ActiveCfg = Release|Any CPU
		{E0905779-DC7D-40A2-8F10-C20C30DA8EE8}.Release|Any CPU.Build.0 = Release|Any CPU
		{E0905779-DC7D-40A2-8F10-C20C30DA8EE8}.Release|x64.ActiveCfg = Release|Any CPU
		{E0905779-DC7D-40A2-8F10-C20C30DA8EE8}.Release|x64.Build.0 = Release|Any CPU
		{E0905779-DC7D-40A2-8F10-C20C30DA8EE8}.Release|x86.ActiveCfg = Release|Any CPU
		{E0905779-DC7D-40A2-8F10-C20C30DA8EE8}.Release|x86.Build.0 = Release|Any CPU
	EndGlobalSection
	GlobalSection(SolutionProperties) = preSolution
		HideSolutionNode = FALSE
	EndGlobalSection
	GlobalSection(ExtensibilityGlobals) = postSolution
		SolutionGuid = {70271EEA-3E78-4388-9107-F1BAA0A60686}
	EndGlobalSection
EndGlobal
